
Microsoft Visual Studio Solution File, Format Version 12.00
Project("{FAE04EC0-301F-11D3-BF4B-00C04F79EFBC}") = "WebApp", "WebApp\WebApp.csproj", "{7B29AB1D-2A5C-457D-B7D9-349F40986924}"
EndProject
Project("{FAE04EC0-301F-11D3-BF4B-00C04F79EFBC}") = "Domain", "Domain\Domain.csproj", "{C5D27C75-2E01-4EE7-A493-7BEA19E3681B}"
EndProject
Project("{FAE04EC0-301F-11D3-BF4B-00C04F79EFBC}") = "Contracts.DAL.App", "Contracts.DAL.App\Contracts.DAL.App.csproj", "{E9B3B228-1E19-4BC0-B0C5-5413AC68DC83}"
EndProject
Project("{FAE04EC0-301F-11D3-BF4B-00C04F79EFBC}") = "DAL.App.EF", "DAL.App.EF\DAL.App.EF.csproj", "{C43D44AA-C451-4FE0-8EB5-230425B15B15}"
EndProject
Project("{FAE04EC0-301F-11D3-BF4B-00C04F79EFBC}") = "DAL.App.DTO", "DAL.App.DTO\DAL.App.DTO.csproj", "{51D36621-33EF-41AB-9F82-F78999709824}"
EndProject
Project("{FAE04EC0-301F-11D3-BF4B-00C04F79EFBC}") = "BLL.App.DTO", "BLL.App.DTO\BLL.App.DTO.csproj", "{C3FB3E99-E564-460A-8A87-E2A1FC380EED}"
EndProject
Project("{FAE04EC0-301F-11D3-BF4B-00C04F79EFBC}") = "Contracts.BLL.App", "Contracts.BLL.App\Contracts.BLL.App.csproj", "{5CC800FE-C296-44A8-864D-0787176FC896}"
EndProject
Project("{FAE04EC0-301F-11D3-BF4B-00C04F79EFBC}") = "BLL.App", "BLL.App\BLL.App.csproj", "{7622F925-CBC5-4584-9C42-04FB5DA76230}"
EndProject
Project("{FAE04EC0-301F-11D3-BF4B-00C04F79EFBC}") = "PublicApi.v1.DTO", "PublicApi.v1.DTO\PublicApi.v1.DTO.csproj", "{2B5B3FCB-7F75-48AF-83F4-F9B6E9F25C30}"
EndProject
Project("{FAE04EC0-301F-11D3-BF4B-00C04F79EFBC}") = "Resources", "Resources\Resources.csproj", "{F27AE292-07DA-46E4-8FBD-1427042BCBDD}"
EndProject
Global
	GlobalSection(SolutionConfigurationPlatforms) = preSolution
		Debug|Any CPU = Debug|Any CPU
		Release|Any CPU = Release|Any CPU
	EndGlobalSection
	GlobalSection(ProjectConfigurationPlatforms) = postSolution
		{7B29AB1D-2A5C-457D-B7D9-349F40986924}.Debug|Any CPU.ActiveCfg = Debug|Any CPU
		{7B29AB1D-2A5C-457D-B7D9-349F40986924}.Debug|Any CPU.Build.0 = Debug|Any CPU
		{7B29AB1D-2A5C-457D-B7D9-349F40986924}.Release|Any CPU.ActiveCfg = Release|Any CPU
		{7B29AB1D-2A5C-457D-B7D9-349F40986924}.Release|Any CPU.Build.0 = Release|Any CPU
		{C5D27C75-2E01-4EE7-A493-7BEA19E3681B}.Debug|Any CPU.ActiveCfg = Debug|Any CPU
		{C5D27C75-2E01-4EE7-A493-7BEA19E3681B}.Debug|Any CPU.Build.0 = Debug|Any CPU
		{C5D27C75-2E01-4EE7-A493-7BEA19E3681B}.Release|Any CPU.ActiveCfg = Release|Any CPU
		{C5D27C75-2E01-4EE7-A493-7BEA19E3681B}.Release|Any CPU.Build.0 = Release|Any CPU
		{E9B3B228-1E19-4BC0-B0C5-5413AC68DC83}.Debug|Any CPU.ActiveCfg = Debug|Any CPU
		{E9B3B228-1E19-4BC0-B0C5-5413AC68DC83}.Debug|Any CPU.Build.0 = Debug|Any CPU
		{E9B3B228-1E19-4BC0-B0C5-5413AC68DC83}.Release|Any CPU.ActiveCfg = Release|Any CPU
		{E9B3B228-1E19-4BC0-B0C5-5413AC68DC83}.Release|Any CPU.Build.0 = Release|Any CPU
		{C43D44AA-C451-4FE0-8EB5-230425B15B15}.Debug|Any CPU.ActiveCfg = Debug|Any CPU
		{C43D44AA-C451-4FE0-8EB5-230425B15B15}.Debug|Any CPU.Build.0 = Debug|Any CPU
		{C43D44AA-C451-4FE0-8EB5-230425B15B15}.Release|Any CPU.ActiveCfg = Release|Any CPU
		{C43D44AA-C451-4FE0-8EB5-230425B15B15}.Release|Any CPU.Build.0 = Release|Any CPU
		{51D36621-33EF-41AB-9F82-F78999709824}.Debug|Any CPU.ActiveCfg = Debug|Any CPU
		{51D36621-33EF-41AB-9F82-F78999709824}.Debug|Any CPU.Build.0 = Debug|Any CPU
		{51D36621-33EF-41AB-9F82-F78999709824}.Release|Any CPU.ActiveCfg = Release|Any CPU
		{51D36621-33EF-41AB-9F82-F78999709824}.Release|Any CPU.Build.0 = Release|Any CPU
		{C3FB3E99-E564-460A-8A87-E2A1FC380EED}.Debug|Any CPU.ActiveCfg = Debug|Any CPU
		{C3FB3E99-E564-460A-8A87-E2A1FC380EED}.Debug|Any CPU.Build.0 = Debug|Any CPU
		{C3FB3E99-E564-460A-8A87-E2A1FC380EED}.Release|Any CPU.ActiveCfg = Release|Any CPU
		{C3FB3E99-E564-460A-8A87-E2A1FC380EED}.Release|Any CPU.Build.0 = Release|Any CPU
		{5CC800FE-C296-44A8-864D-0787176FC896}.Debug|Any CPU.ActiveCfg = Debug|Any CPU
		{5CC800FE-C296-44A8-864D-0787176FC896}.Debug|Any CPU.Build.0 = Debug|Any CPU
		{5CC800FE-C296-44A8-864D-0787176FC896}.Release|Any CPU.ActiveCfg = Release|Any CPU
		{5CC800FE-C296-44A8-864D-0787176FC896}.Release|Any CPU.Build.0 = Release|Any CPU
		{7622F925-CBC5-4584-9C42-04FB5DA76230}.Debug|Any CPU.ActiveCfg = Debug|Any CPU
		{7622F925-CBC5-4584-9C42-04FB5DA76230}.Debug|Any CPU.Build.0 = Debug|Any CPU
		{7622F925-CBC5-4584-9C42-04FB5DA76230}.Release|Any CPU.ActiveCfg = Release|Any CPU
		{7622F925-CBC5-4584-9C42-04FB5DA76230}.Release|Any CPU.Build.0 = Release|Any CPU
		{2B5B3FCB-7F75-48AF-83F4-F9B6E9F25C30}.Debug|Any CPU.ActiveCfg = Debug|Any CPU
		{2B5B3FCB-7F75-48AF-83F4-F9B6E9F25C30}.Debug|Any CPU.Build.0 = Debug|Any CPU
		{2B5B3FCB-7F75-48AF-83F4-F9B6E9F25C30}.Release|Any CPU.ActiveCfg = Release|Any CPU
		{2B5B3FCB-7F75-48AF-83F4-F9B6E9F25C30}.Release|Any CPU.Build.0 = Release|Any CPU
		{F27AE292-07DA-46E4-8FBD-1427042BCBDD}.Debug|Any CPU.ActiveCfg = Debug|Any CPU
		{F27AE292-07DA-46E4-8FBD-1427042BCBDD}.Debug|Any CPU.Build.0 = Debug|Any CPU
		{F27AE292-07DA-46E4-8FBD-1427042BCBDD}.Release|Any CPU.ActiveCfg = Release|Any CPU
		{F27AE292-07DA-46E4-8FBD-1427042BCBDD}.Release|Any CPU.Build.0 = Release|Any CPU
	EndGlobalSection
EndGlobal
